
Microsoft Visual Studio Solution File, Format Version 12.00
# Visual Studio Version 16
VisualStudioVersion = 16.0.31729.503
MinimumVisualStudioVersion = 10.0.40219.1
Project("{FAE04EC0-301F-11D3-BF4B-00C04F79EFBC}") = "AppDesktop", "AppDesktop\AppDesktop.csproj", "{8CDF41B0-6576-4BF3-85DC-786F57E6B21F}"
EndProject
Global
	GlobalSection(SolutionConfigurationPlatforms) = preSolution
		Debug|Any CPU = Debug|Any CPU
		Release|Any CPU = Release|Any CPU
	EndGlobalSection
	GlobalSection(ProjectConfigurationPlatforms) = postSolution
		{8CDF41B0-6576-4BF3-85DC-786F57E6B21F}.Debug|Any CPU.ActiveCfg = Debug|Any CPU
		{8CDF41B0-6576-4BF3-85DC-786F57E6B21F}.Debug|Any CPU.Build.0 = Debug|Any CPU
		{8CDF41B0-6576-4BF3-85DC-786F57E6B21F}.Release|Any CPU.ActiveCfg = Release|Any CPU
		{8CDF41B0-6576-4BF3-85DC-786F57E6B21F}.Release|Any CPU.Build.0 = Release|Any CPU
	EndGlobalSection
	GlobalSection(SolutionProperties) = preSolution
		HideSolutionNode = FALSE
	EndGlobalSection
	GlobalSection(ExtensibilityGlobals) = postSolution
		SolutionGuid = {E2636BC8-7C2E-4D74-836F-E22474833674}
	EndGlobalSection
EndGlobal
